{
    "version": "0.5",
    "requires": [
        "zlib/1.2.13#e377bee636333ae348d51ca90874e353%1682597484.674",
        "re2/20230301#94b1b4e643b4ea7878a1c75073a697a5%1681038314.75",
        "rapidjson/cci.20220822#8ca51918340f3a21127822258e95ec0f%1663194355.698",
        "protobuf/3.21.9#515ceb0a1653cf84363d9968b812d6be%1678364058.993",
        "openssl/3.1.0#25925a18588e030e406a15da96c4d32b%1679506833.065",
        "gtest/cci.20210126#dafbdf84b58cd687075ace7314651c1a%1663691725.391",
        "grpc-proto/cci.20220627#0c70f89386984082a00303968ce102db%1684078990.899",
        "grpc/1.50.1#6757db6dd631a610737599d7b9c9488f%1684247929.951",
        "googleapis/cci.20230501#d2fe676d2157a368229f8f6a58a4e006%1683985295.162",
        "c-ares/1.19.0#3d781213ee5d4736b3e5a0a040c22a92%1676157712.611",
        "abseil/20220623.0#e182627de3e5bda7220302d5f69a37cd%1682001986.626"
    ],
    "build_requires": [
        "cmake/3.26.3#3c10902b72a4fa0c6eae5ff4575698aa%1682759265.62"
    ],
    "python_requires": []
}